
Microsoft Visual Studio Solution File, Format Version 12.00
# Visual Studio Version 16
VisualStudioVersion = 16.0.30523.141
MinimumVisualStudioVersion = 10.0.40219.1
Project("{FAE04EC0-301F-11D3-BF4B-00C04F79EFBC}") = "BinarySearchTree", "BinarySearchTree\BinarySearchTree.csproj", "{0ECE44BA-3BB8-4FC3-9D85-C539B23862B2}"
EndProject
Global
	GlobalSection(SolutionConfigurationPlatforms) = preSolution
		Debug|Any CPU = Debug|Any CPU
		Release|Any CPU = Release|Any CPU
	EndGlobalSection
	GlobalSection(ProjectConfigurationPlatforms) = postSolution
		{0ECE44BA-3BB8-4FC3-9D85-C539B23862B2}.Debug|Any CPU.ActiveCfg = Debug|Any CPU
		{0ECE44BA-3BB8-4FC3-9D85-C539B23862B2}.Debug|Any CPU.Build.0 = Debug|Any CPU
		{0ECE44BA-3BB8-4FC3-9D85-C539B23862B2}.Release|Any CPU.ActiveCfg = Release|Any CPU
		{0ECE44BA-3BB8-4FC3-9D85-C539B23862B2}.Release|Any CPU.Build.0 = Release|Any CPU
	EndGlobalSection
	GlobalSection(SolutionProperties) = preSolution
		HideSolutionNode = FALSE
	EndGlobalSection
	GlobalSection(ExtensibilityGlobals) = postSolution
		SolutionGuid = {6D9D6CDA-58B3-4AB3-815A-457A8B2E9DCE}
	EndGlobalSection
EndGlobal
